<?xml version="1.0" encoding="utf-8"?>
<Project ToolsVersion="4.0" xmlns="http://schemas.microsoft.com/developer/msbuild/2003">
  <ItemGroup>
    <Filter Include="Source Files">
      <UniqueIdentifier>{4FC737F1-C7A5-4376-A066-2A32D752A2FF}</UniqueIdentifier>
      <Extensions>cpp;c;cc;cxx;def;odl;idl;hpj;bat;asm;asmx</Extensions>
    </Filter>
    <Filter Include="Header Files">
      <UniqueIdentifier>{93995380-89BD-4b04-88EB-625FBE52EBFB}</UniqueIdentifier>
      <Extensions>h;hpp;hxx;hm;inl;inc;xsd</Extensions>
    </Filter>
    <Filter Include="Resource Files">
      <UniqueIdentifier>{67DA6AB6-F800-4c08-8B7A-83BB121AAD01}</UniqueIdentifier>
      <Extensions>rc;ico;cur;bmp;dlg;rc2;rct;bin;rgs;gif;jpg;jpeg;jpe;resx;tiff;tif;png;wav</Extensions>
    </Filter>
  </ItemGroup>
  <ItemGroup>
    <ClCompile Include="_LuaClassHelper.cpp">
      <Filter>Source Files</Filter>
    </ClCompile>
    <ClCompile Include="_LuaClassInterface.cpp">
      <Filter>Source Files</Filter>
    </ClCompile>
    <ClCompile Include="_LuaMultiValueHolder.cpp">
      <Filter>Source Files</Filter>
    </ClCompile>
    <ClCompile Include="_LuaRefBase.cpp">
      <Filter>Source Files</Filter>
    </ClCompile>
    <ClCompile Include="_LuaStack.cpp">
      <Filter>Source Files</Filter>
    </ClCompile>
    <ClCompile Include="_LuaValueHolder.cpp">
      <Filter>Source Files</Filter>
    </ClCompile>
    <ClCompile Include="_SLEGlobal.cpp">
      <Filter>Source Files</Filter>
    </ClCompile>
    <ClCompile Include="_SLEHelper.cpp">
      <Filter>Source Files</Filter>
    </ClCompile>
    <ClCompile Include="luaevn.cpp">
      <Filter>Source Files</Filter>
    </ClCompile>
    <ClCompile Include="luafunc.cpp">
      <Filter>Source Files</Filter>
    </ClCompile>
    <ClCompile Include="luarets.cpp">
      <Filter>Source Files</Filter>
    </ClCompile>
    <ClCompile Include="luatable.cpp">
      <Filter>Source Files</Filter>
    </ClCompile>
    <ClCompile Include="luatablefunc.cpp">
      <Filter>Source Files</Filter>
    </ClCompile>
    <ClCompile Include="stdafx.cpp">
      <Filter>Source Files</Filter>
    </ClCompile>
    <ClCompile Include="LuaPacker.cpp">
      <Filter>Source Files</Filter>
    </ClCompile>
    <ClCompile Include="minilzo.c">
      <Filter>Source Files</Filter>
    </ClCompile>
  </ItemGroup>
  <ItemGroup>
    <ClInclude Include="_LuaClassInterface.h">
      <Filter>Source Files</Filter>
    </ClInclude>
    <ClInclude Include="_SLEHelper.h">
      <Filter>Source Files</Filter>
    </ClInclude>
    <ClInclude Include="stdafx.h">
      <Filter>Source Files</Filter>
    </ClInclude>
    <ClInclude Include="..\include\sle\_CInvokeHelper.h">
      <Filter>Header Files</Filter>
    </ClInclude>
    <ClInclude Include="..\include\sle\_LuaClassHelper.h">
      <Filter>Header Files</Filter>
    </ClInclude>
    <ClInclude Include="..\include\sle\_LuaMultiValueHolder.h">
      <Filter>Header Files</Filter>
    </ClInclude>
    <ClInclude Include="..\include\sle\_LuaRefBase.h">
      <Filter>Header Files</Filter>
    </ClInclude>
    <ClInclude Include="..\include\sle\_LuaStack.h">
      <Filter>Header Files</Filter>
    </ClInclude>
    <ClInclude Include="..\include\sle\_LuaTableField.h">
      <Filter>Header Files</Filter>
    </ClInclude>
    <ClInclude Include="..\include\sle\_LuaValueHolder.h">
      <Filter>Header Files</Filter>
    </ClInclude>
    <ClInclude Include="..\include\sle\_SLEDefine.h">
      <Filter>Header Files</Filter>
    </ClInclude>
    <ClInclude Include="..\include\sle\_SLEGlobal.h">
      <Filter>Header Files</Filter>
    </ClInclude>
    <ClInclude Include="..\include\sle\luaevn.h">
      <Filter>Header Files</Filter>
    </ClInclude>
    <ClInclude Include="..\include\sle\luafunc.h">
      <Filter>Header Files</Filter>
    </ClInclude>
    <ClInclude Include="..\include\sle\luarets.h">
      <Filter>Header Files</Filter>
    </ClInclude>
    <ClInclude Include="..\include\sle\luatable.h">
      <Filter>Header Files</Filter>
    </ClInclude>
    <ClInclude Include="..\include\sle\luatablefunc.h">
      <Filter>Header Files</Filter>
    </ClInclude>
    <ClInclude Include="..\include\sle\sle.h">
      <Filter>Header Files</Filter>
    </ClInclude>
    <ClInclude Include="..\include\sle\LuaPacker.h">
      <Filter>Header Files</Filter>
    </ClInclude>
    <ClInclude Include="..\include\sle\minilzo.h">
      <Filter>Header Files</Filter>
    </ClInclude>
    <ClInclude Include="..\include\sle\lzoconf.h">
      <Filter>Header Files</Filter>
    </ClInclude>
    <ClInclude Include="..\include\sle\lzodefs.h">
      <Filter>Header Files</Filter>
    </ClInclude>
  </ItemGroup>
  <ItemGroup>
    <None Include="readme.txt" />
  </ItemGroup>
</Project>